
Microsoft Visual Studio Solution File, Format Version 12.00
# Visual Studio Version 17
VisualStudioVersion = 17.9.34616.47
MinimumVisualStudioVersion = 10.0.40219.1
Project("{FAE04EC0-301F-11D3-BF4B-00C04F79EFBC}") = "Cifrul Playfair", "Cifrul Playfair\Cifrul Playfair.csproj", "{9F22DADC-C84D-49CE-971C-B86094A3BB18}"
EndProject
Global
	GlobalSection(SolutionConfigurationPlatforms) = preSolution
		Debug|Any CPU = Debug|Any CPU
		Release|Any CPU = Release|Any CPU
	EndGlobalSection
	GlobalSection(ProjectConfigurationPlatforms) = postSolution
		{9F22DADC-C84D-49CE-971C-B86094A3BB18}.Debug|Any CPU.ActiveCfg = Debug|Any CPU
		{9F22DADC-C84D-49CE-971C-B86094A3BB18}.Debug|Any CPU.Build.0 = Debug|Any CPU
		{9F22DADC-C84D-49CE-971C-B86094A3BB18}.Release|Any CPU.ActiveCfg = Release|Any CPU
		{9F22DADC-C84D-49CE-971C-B86094A3BB18}.Release|Any CPU.Build.0 = Release|Any CPU
	EndGlobalSection
	GlobalSection(SolutionProperties) = preSolution
		HideSolutionNode = FALSE
	EndGlobalSection
	GlobalSection(ExtensibilityGlobals) = postSolution
		SolutionGuid = {420BAD2F-7167-4CE3-9426-238E6D851113}
	EndGlobalSection
EndGlobal
